
Microsoft Visual Studio Solution File, Format Version 12.00
# Visual Studio Version 17
VisualStudioVersion = 17.14.36310.24
MinimumVisualStudioVersion = 10.0.40219.1
Project("{FAE04EC0-301F-11D3-BF4B-00C04F79EFBC}") = "webtools-mj", "webtools-mj\webtools-mj.csproj", "{7A32A73C-9920-446D-8479-0458E7E752B5}"
EndProject
Global
	GlobalSection(SolutionConfigurationPlatforms) = preSolution
		Debug|Any CPU = Debug|Any CPU
		Release|Any CPU = Release|Any CPU
	EndGlobalSection
	GlobalSection(ProjectConfigurationPlatforms) = postSolution
		{7A32A73C-9920-446D-8479-0458E7E752B5}.Debug|Any CPU.ActiveCfg = Debug|Any CPU
		{7A32A73C-9920-446D-8479-0458E7E752B5}.Debug|Any CPU.Build.0 = Debug|Any CPU
		{7A32A73C-9920-446D-8479-0458E7E752B5}.Release|Any CPU.ActiveCfg = Release|Any CPU
		{7A32A73C-9920-446D-8479-0458E7E752B5}.Release|Any CPU.Build.0 = Release|Any CPU
	EndGlobalSection
	GlobalSection(SolutionProperties) = preSolution
		HideSolutionNode = FALSE
	EndGlobalSection
	GlobalSection(ExtensibilityGlobals) = postSolution
		SolutionGuid = {43C528E6-9229-41EF-93D8-DC278A8BCF35}
	EndGlobalSection
EndGlobal
